
Microsoft Visual Studio Solution File, Format Version 12.00
# Visual Studio 15
VisualStudioVersion = 15.0.28307.1062
MinimumVisualStudioVersion = 10.0.40219.1
Project("{FAE04EC0-301F-11D3-BF4B-00C04F79EFBC}") = "Converter", "Converter\Converter.csproj", "{06562ECB-CD6A-4AF2-AF69-EDE91D53C152}"
EndProject
Global
	GlobalSection(SolutionConfigurationPlatforms) = preSolution
		Debug|Any CPU = Debug|Any CPU
		Release|Any CPU = Release|Any CPU
	EndGlobalSection
	GlobalSection(ProjectConfigurationPlatforms) = postSolution
		{06562ECB-CD6A-4AF2-AF69-EDE91D53C152}.Debug|Any CPU.ActiveCfg = Debug|Any CPU
		{06562ECB-CD6A-4AF2-AF69-EDE91D53C152}.Debug|Any CPU.Build.0 = Debug|Any CPU
		{06562ECB-CD6A-4AF2-AF69-EDE91D53C152}.Release|Any CPU.ActiveCfg = Release|Any CPU
		{06562ECB-CD6A-4AF2-AF69-EDE91D53C152}.Release|Any CPU.Build.0 = Release|Any CPU
	EndGlobalSection
	GlobalSection(SolutionProperties) = preSolution
		HideSolutionNode = FALSE
	EndGlobalSection
	GlobalSection(ExtensibilityGlobals) = postSolution
		SolutionGuid = {2DB39345-DE69-4532-9376-25C890B580A9}
	EndGlobalSection
EndGlobal
